
Microsoft Visual Studio Solution File, Format Version 12.00
# Visual Studio 15
VisualStudioVersion = 15.0.28307.902
MinimumVisualStudioVersion = 10.0.40219.1
Project("{FAE04EC0-301F-11D3-BF4B-00C04F79EFBC}") = "DesignPatternPlaybook", "DesignPatternPlaybook\DesignPatternPlaybook.csproj", "{171E75D2-2B3E-46D3-9D7E-CB92F6D3D06A}"
EndProject
Global
	GlobalSection(SolutionConfigurationPlatforms) = preSolution
		Debug|Any CPU = Debug|Any CPU
		Release|Any CPU = Release|Any CPU
	EndGlobalSection
	GlobalSection(ProjectConfigurationPlatforms) = postSolution
		{171E75D2-2B3E-46D3-9D7E-CB92F6D3D06A}.Debug|Any CPU.ActiveCfg = Debug|Any CPU
		{171E75D2-2B3E-46D3-9D7E-CB92F6D3D06A}.Debug|Any CPU.Build.0 = Debug|Any CPU
		{171E75D2-2B3E-46D3-9D7E-CB92F6D3D06A}.Release|Any CPU.ActiveCfg = Release|Any CPU
		{171E75D2-2B3E-46D3-9D7E-CB92F6D3D06A}.Release|Any CPU.Build.0 = Release|Any CPU
	EndGlobalSection
	GlobalSection(SolutionProperties) = preSolution
		HideSolutionNode = FALSE
	EndGlobalSection
	GlobalSection(ExtensibilityGlobals) = postSolution
		SolutionGuid = {F90B36D7-B275-4BB3-A35E-B3E36159CB93}
	EndGlobalSection
EndGlobal
